
Microsoft Visual Studio Solution File, Format Version 12.00
# Visual Studio Version 17
VisualStudioVersion = 17.6.33815.320
MinimumVisualStudioVersion = 10.0.40219.1
Project("{FAE04EC0-301F-11D3-BF4B-00C04F79EFBC}") = "template", "template\template.csproj", "{734B7AAE-68CC-43D9-8EF7-C56649D46BC8}"
EndProject
Global
	GlobalSection(SolutionConfigurationPlatforms) = preSolution
		Debug|Any CPU = Debug|Any CPU
		Release|Any CPU = Release|Any CPU
	EndGlobalSection
	GlobalSection(ProjectConfigurationPlatforms) = postSolution
		{734B7AAE-68CC-43D9-8EF7-C56649D46BC8}.Debug|Any CPU.ActiveCfg = Debug|Any CPU
		{734B7AAE-68CC-43D9-8EF7-C56649D46BC8}.Debug|Any CPU.Build.0 = Debug|Any CPU
		{734B7AAE-68CC-43D9-8EF7-C56649D46BC8}.Release|Any CPU.ActiveCfg = Release|Any CPU
		{734B7AAE-68CC-43D9-8EF7-C56649D46BC8}.Release|Any CPU.Build.0 = Release|Any CPU
	EndGlobalSection
	GlobalSection(SolutionProperties) = preSolution
		HideSolutionNode = FALSE
	EndGlobalSection
	GlobalSection(ExtensibilityGlobals) = postSolution
		SolutionGuid = {BE618345-25F7-4109-B7FF-B209AC3DD9A6}
	EndGlobalSection
EndGlobal
